{
  "pins" : [
    {
      "identity" : "rick-and-morty-swift-api",
      "kind" : "remoteSourceControl",
      "location" : "https://github.com/ionut-costin/Rick-and-Morty-Swift-API",
      "state" : {
        "branch" : "main",
        "revision" : "9f4280a9b6485a0132e1cafa084ca9ab4432dc36"
      }
    }
  ],
  "version" : 2
}
