// !$*UTF8*$!
{
	archiveVersion = 1;
	classes = {
	};
	objectVersion = 56;
	objects = {

/* Begin PBXBuildFile section */
		1B0806DA29FA68CF00A0A6F2 /* Assets.xcassets in Resources */ = {isa = PBXBuildFile; fileRef = 1B0806D929FA68CF00A0A6F2 /* Assets.xcassets */; };
		1B0806DD29FA68CF00A0A6F2 /* Preview Assets.xcassets in Resources */ = {isa = PBXBuildFile; fileRef = 1B0806DC29FA68CF00A0A6F2 /* Preview Assets.xcassets */; };
		1B0806E729FA68CF00A0A6F2 /* Rick_MortyTests.swift in Sources */ = {isa = PBXBuildFile; fileRef = 1B0806E629FA68CF00A0A6F2 /* Rick_MortyTests.swift */; };
		1B480F8F29FA6DD2009976F9 /* Coordinator.swift in Sources */ = {isa = PBXBuildFile; fileRef = 1B480F8E29FA6DD2009976F9 /* Coordinator.swift */; };
		1B480F9129FA6DE3009976F9 /* CharactersCoordinator.swift in Sources */ = {isa = PBXBuildFile; fileRef = 1B480F9029FA6DE3009976F9 /* CharactersCoordinator.swift */; };
		1B480F9429FA6E8A009976F9 /* SceneDelegate.swift in Sources */ = {isa = PBXBuildFile; fileRef = 1B480F9229FA6E8A009976F9 /* SceneDelegate.swift */; };
		1B480F9529FA6E8A009976F9 /* AppDelegate.swift in Sources */ = {isa = PBXBuildFile; fileRef = 1B480F9329FA6E8A009976F9 /* AppDelegate.swift */; };
		1BAC140829FA725C00E7D377 /* CharactersView.swift in Sources */ = {isa = PBXBuildFile; fileRef = 1BAC140729FA725C00E7D377 /* CharactersView.swift */; };
		1BAC140B29FA72DB00E7D377 /* CharactersViewModel.swift in Sources */ = {isa = PBXBuildFile; fileRef = 1BAC140A29FA72DB00E7D377 /* CharactersViewModel.swift */; };
		1BAC141429FA73FE00E7D377 /* API.swift in Sources */ = {isa = PBXBuildFile; fileRef = 1BAC141329FA73FE00E7D377 /* API.swift */; };
		1BAC141629FA741400E7D377 /* MainAPI.swift in Sources */ = {isa = PBXBuildFile; fileRef = 1BAC141529FA741400E7D377 /* MainAPI.swift */; };
		1BAC142029FA8A1C00E7D377 /* CharacterCardView.swift in Sources */ = {isa = PBXBuildFile; fileRef = 1BAC141F29FA8A1C00E7D377 /* CharacterCardView.swift */; };
		1BAC142329FA971A00E7D377 /* RickMortySwiftApi in Frameworks */ = {isa = PBXBuildFile; productRef = 1BAC142229FA971A00E7D377 /* RickMortySwiftApi */; };
		1BAC142729FA9DB400E7D377 /* RMCharacterFilter+Extensions.swift in Sources */ = {isa = PBXBuildFile; fileRef = 1BAC142629FA9DB400E7D377 /* RMCharacterFilter+Extensions.swift */; };
		1BAC142B29FA9EFF00E7D377 /* CharacterFilterView.swift in Sources */ = {isa = PBXBuildFile; fileRef = 1BAC142A29FA9EFF00E7D377 /* CharacterFilterView.swift */; };
		1BAC142D29FAA2D100E7D377 /* CharacterFilterViewModel.swift in Sources */ = {isa = PBXBuildFile; fileRef = 1BAC142C29FAA2D100E7D377 /* CharacterFilterViewModel.swift */; };
		1BAC143029FAB29100E7D377 /* CharacterDetailsView.swift in Sources */ = {isa = PBXBuildFile; fileRef = 1BAC142F29FAB29100E7D377 /* CharacterDetailsView.swift */; };
		1BAC143229FABDF800E7D377 /* RMCharacterModel+Extensions.swift in Sources */ = {isa = PBXBuildFile; fileRef = 1BAC143129FABDF800E7D377 /* RMCharacterModel+Extensions.swift */; };
/* End PBXBuildFile section */

/* Begin PBXContainerItemProxy section */
		1B0806E329FA68CF00A0A6F2 /* PBXContainerItemProxy */ = {
			isa = PBXContainerItemProxy;
			containerPortal = 1B0806CA29FA68CE00A0A6F2 /* Project object */;
			proxyType = 1;
			remoteGlobalIDString = 1B0806D129FA68CE00A0A6F2;
			remoteInfo = "Rick&Morty";
		};
/* End PBXContainerItemProxy section */

/* Begin PBXFileReference section */
		1B0806D229FA68CE00A0A6F2 /* Rick&Morty.app */ = {isa = PBXFileReference; explicitFileType = wrapper.application; includeInIndex = 0; path = "Rick&Morty.app"; sourceTree = BUILT_PRODUCTS_DIR; };
		1B0806D929FA68CF00A0A6F2 /* Assets.xcassets */ = {isa = PBXFileReference; lastKnownFileType = folder.assetcatalog; path = Assets.xcassets; sourceTree = "<group>"; };
		1B0806DC29FA68CF00A0A6F2 /* Preview Assets.xcassets */ = {isa = PBXFileReference; lastKnownFileType = folder.assetcatalog; path = "Preview Assets.xcassets"; sourceTree = "<group>"; };
		1B0806E229FA68CF00A0A6F2 /* Rick&MortyTests.xctest */ = {isa = PBXFileReference; explicitFileType = wrapper.cfbundle; includeInIndex = 0; path = "Rick&MortyTests.xctest"; sourceTree = BUILT_PRODUCTS_DIR; };
		1B0806E629FA68CF00A0A6F2 /* Rick_MortyTests.swift */ = {isa = PBXFileReference; lastKnownFileType = sourcecode.swift; path = Rick_MortyTests.swift; sourceTree = "<group>"; };
		1B480F8B29FA6B2E009976F9 /* Rick-Morty-Info.plist */ = {isa = PBXFileReference; lastKnownFileType = text.plist.xml; name = "Rick-Morty-Info.plist"; path = "Rick&Morty/App/Rick-Morty-Info.plist"; sourceTree = SOURCE_ROOT; };
		1B480F8E29FA6DD2009976F9 /* Coordinator.swift */ = {isa = PBXFileReference; lastKnownFileType = sourcecode.swift; path = Coordinator.swift; sourceTree = "<group>"; };
		1B480F9029FA6DE3009976F9 /* CharactersCoordinator.swift */ = {isa = PBXFileReference; lastKnownFileType = sourcecode.swift; path = CharactersCoordinator.swift; sourceTree = "<group>"; };
		1B480F9229FA6E8A009976F9 /* SceneDelegate.swift */ = {isa = PBXFileReference; fileEncoding = 4; lastKnownFileType = sourcecode.swift; path = SceneDelegate.swift; sourceTree = "<group>"; };
		1B480F9329FA6E8A009976F9 /* AppDelegate.swift */ = {isa = PBXFileReference; fileEncoding = 4; lastKnownFileType = sourcecode.swift; path = AppDelegate.swift; sourceTree = "<group>"; };
		1BAC140729FA725C00E7D377 /* CharactersView.swift */ = {isa = PBXFileReference; lastKnownFileType = sourcecode.swift; path = CharactersView.swift; sourceTree = "<group>"; };
		1BAC140A29FA72DB00E7D377 /* CharactersViewModel.swift */ = {isa = PBXFileReference; lastKnownFileType = sourcecode.swift; path = CharactersViewModel.swift; sourceTree = "<group>"; };
		1BAC141329FA73FE00E7D377 /* API.swift */ = {isa = PBXFileReference; lastKnownFileType = sourcecode.swift; path = API.swift; sourceTree = "<group>"; };
		1BAC141529FA741400E7D377 /* MainAPI.swift */ = {isa = PBXFileReference; lastKnownFileType = sourcecode.swift; path = MainAPI.swift; sourceTree = "<group>"; };
		1BAC141F29FA8A1C00E7D377 /* CharacterCardView.swift */ = {isa = PBXFileReference; lastKnownFileType = sourcecode.swift; path = CharacterCardView.swift; sourceTree = "<group>"; };
		1BAC142629FA9DB400E7D377 /* RMCharacterFilter+Extensions.swift */ = {isa = PBXFileReference; lastKnownFileType = sourcecode.swift; path = "RMCharacterFilter+Extensions.swift"; sourceTree = "<group>"; };
		1BAC142A29FA9EFF00E7D377 /* CharacterFilterView.swift */ = {isa = PBXFileReference; lastKnownFileType = sourcecode.swift; path = CharacterFilterView.swift; sourceTree = "<group>"; };
		1BAC142C29FAA2D100E7D377 /* CharacterFilterViewModel.swift */ = {isa = PBXFileReference; lastKnownFileType = sourcecode.swift; path = CharacterFilterViewModel.swift; sourceTree = "<group>"; };
		1BAC142F29FAB29100E7D377 /* CharacterDetailsView.swift */ = {isa = PBXFileReference; lastKnownFileType = sourcecode.swift; path = CharacterDetailsView.swift; sourceTree = "<group>"; };
		1BAC143129FABDF800E7D377 /* RMCharacterModel+Extensions.swift */ = {isa = PBXFileReference; lastKnownFileType = sourcecode.swift; path = "RMCharacterModel+Extensions.swift"; sourceTree = "<group>"; };
/* End PBXFileReference section */

/* Begin PBXFrameworksBuildPhase section */
		1B0806CF29FA68CE00A0A6F2 /* Frameworks */ = {
			isa = PBXFrameworksBuildPhase;
			buildActionMask = 2147483647;
			files = (
				1BAC142329FA971A00E7D377 /* RickMortySwiftApi in Frameworks */,
			);
			runOnlyForDeploymentPostprocessing = 0;
		};
		1B0806DF29FA68CF00A0A6F2 /* Frameworks */ = {
			isa = PBXFrameworksBuildPhase;
			buildActionMask = 2147483647;
			files = (
			);
			runOnlyForDeploymentPostprocessing = 0;
		};
/* End PBXFrameworksBuildPhase section */

/* Begin PBXGroup section */
		1B0806C929FA68CE00A0A6F2 = {
			isa = PBXGroup;
			children = (
				1B0806D429FA68CE00A0A6F2 /* Rick&Morty */,
				1B0806E529FA68CF00A0A6F2 /* Rick&MortyTests */,
				1B0806D329FA68CE00A0A6F2 /* Products */,
			);
			sourceTree = "<group>";
		};
		1B0806D329FA68CE00A0A6F2 /* Products */ = {
			isa = PBXGroup;
			children = (
				1B0806D229FA68CE00A0A6F2 /* Rick&Morty.app */,
				1B0806E229FA68CF00A0A6F2 /* Rick&MortyTests.xctest */,
			);
			name = Products;
			sourceTree = "<group>";
		};
		1B0806D429FA68CE00A0A6F2 /* Rick&Morty */ = {
			isa = PBXGroup;
			children = (
				1BAC140629FA718300E7D377 /* App */,
				1B480F8C29FA6DB2009976F9 /* Coordinators */,
				1BAC142429FA9D9500E7D377 /* Helpers */,
				1B480F8D29FA6DBE009976F9 /* Protocols */,
				1BAC140F29FA73BC00E7D377 /* Services */,
				1BAC140929FA728800E7D377 /* ViewModels */,
				1BAC140529FA716D00E7D377 /* Views */,
			);
			path = "Rick&Morty";
			sourceTree = "<group>";
		};
		1B0806DB29FA68CF00A0A6F2 /* Preview Content */ = {
			isa = PBXGroup;
			children = (
				1B0806DC29FA68CF00A0A6F2 /* Preview Assets.xcassets */,
			);
			path = "Preview Content";
			sourceTree = "<group>";
		};
		1B0806E529FA68CF00A0A6F2 /* Rick&MortyTests */ = {
			isa = PBXGroup;
			children = (
				1B0806E629FA68CF00A0A6F2 /* Rick_MortyTests.swift */,
			);
			path = "Rick&MortyTests";
			sourceTree = "<group>";
		};
		1B480F8C29FA6DB2009976F9 /* Coordinators */ = {
			isa = PBXGroup;
			children = (
				1B480F9029FA6DE3009976F9 /* CharactersCoordinator.swift */,
			);
			path = Coordinators;
			sourceTree = "<group>";
		};
		1B480F8D29FA6DBE009976F9 /* Protocols */ = {
			isa = PBXGroup;
			children = (
				1BAC141329FA73FE00E7D377 /* API.swift */,
				1B480F8E29FA6DD2009976F9 /* Coordinator.swift */,
			);
			path = Protocols;
			sourceTree = "<group>";
		};
		1BAC140529FA716D00E7D377 /* Views */ = {
			isa = PBXGroup;
			children = (
				1BAC142E29FAB27C00E7D377 /* CharacterDetails */,
				1BAC142929FA9DF200E7D377 /* CharacterFilter */,
				1BAC142829FA9DE600E7D377 /* CharactersList */,
			);
			path = Views;
			sourceTree = "<group>";
		};
		1BAC140629FA718300E7D377 /* App */ = {
			isa = PBXGroup;
			children = (
				1B480F8B29FA6B2E009976F9 /* Rick-Morty-Info.plist */,
				1B480F9329FA6E8A009976F9 /* AppDelegate.swift */,
				1B480F9229FA6E8A009976F9 /* SceneDelegate.swift */,
				1B0806D929FA68CF00A0A6F2 /* Assets.xcassets */,
				1B0806DB29FA68CF00A0A6F2 /* Preview Content */,
			);
			path = App;
			sourceTree = "<group>";
		};
		1BAC140929FA728800E7D377 /* ViewModels */ = {
			isa = PBXGroup;
			children = (
				1BAC140A29FA72DB00E7D377 /* CharactersViewModel.swift */,
				1BAC142C29FAA2D100E7D377 /* CharacterFilterViewModel.swift */,
			);
			path = ViewModels;
			sourceTree = "<group>";
		};
		1BAC140F29FA73BC00E7D377 /* Services */ = {
			isa = PBXGroup;
			children = (
				1BAC141029FA73C800E7D377 /* Networking */,
			);
			path = Services;
			sourceTree = "<group>";
		};
		1BAC141029FA73C800E7D377 /* Networking */ = {
			isa = PBXGroup;
			children = (
				1BAC141529FA741400E7D377 /* MainAPI.swift */,
			);
			path = Networking;
			sourceTree = "<group>";
		};
		1BAC142429FA9D9500E7D377 /* Helpers */ = {
			isa = PBXGroup;
			children = (
				1BAC142529FA9D9E00E7D377 /* Extensions */,
			);
			path = Helpers;
			sourceTree = "<group>";
		};
		1BAC142529FA9D9E00E7D377 /* Extensions */ = {
			isa = PBXGroup;
			children = (
				1BAC142629FA9DB400E7D377 /* RMCharacterFilter+Extensions.swift */,
				1BAC143129FABDF800E7D377 /* RMCharacterModel+Extensions.swift */,
			);
			path = Extensions;
			sourceTree = "<group>";
		};
		1BAC142829FA9DE600E7D377 /* CharactersList */ = {
			isa = PBXGroup;
			children = (
				1BAC141F29FA8A1C00E7D377 /* CharacterCardView.swift */,
				1BAC140729FA725C00E7D377 /* CharactersView.swift */,
			);
			path = CharactersList;
			sourceTree = "<group>";
		};
		1BAC142929FA9DF200E7D377 /* CharacterFilter */ = {
			isa = PBXGroup;
			children = (
				1BAC142A29FA9EFF00E7D377 /* CharacterFilterView.swift */,
			);
			path = CharacterFilter;
			sourceTree = "<group>";
		};
		1BAC142E29FAB27C00E7D377 /* CharacterDetails */ = {
			isa = PBXGroup;
			children = (
				1BAC142F29FAB29100E7D377 /* CharacterDetailsView.swift */,
			);
			path = CharacterDetails;
			sourceTree = "<group>";
		};
/* End PBXGroup section */

/* Begin PBXNativeTarget section */
		1B0806D129FA68CE00A0A6F2 /* Rick&Morty */ = {
			isa = PBXNativeTarget;
			buildConfigurationList = 1B0806F629FA68CF00A0A6F2 /* Build configuration list for PBXNativeTarget "Rick&Morty" */;
			buildPhases = (
				1B0806CE29FA68CE00A0A6F2 /* Sources */,
				1B0806CF29FA68CE00A0A6F2 /* Frameworks */,
				1B0806D029FA68CE00A0A6F2 /* Resources */,
			);
			buildRules = (
			);
			dependencies = (
			);
			name = "Rick&Morty";
			packageProductDependencies = (
				1BAC142229FA971A00E7D377 /* RickMortySwiftApi */,
			);
			productName = "Rick&Morty";
			productReference = 1B0806D229FA68CE00A0A6F2 /* Rick&Morty.app */;
			productType = "com.apple.product-type.application";
		};
		1B0806E129FA68CF00A0A6F2 /* Rick&MortyTests */ = {
			isa = PBXNativeTarget;
			buildConfigurationList = 1B0806F929FA68CF00A0A6F2 /* Build configuration list for PBXNativeTarget "Rick&MortyTests" */;
			buildPhases = (
				1B0806DE29FA68CF00A0A6F2 /* Sources */,
				1B0806DF29FA68CF00A0A6F2 /* Frameworks */,
				1B0806E029FA68CF00A0A6F2 /* Resources */,
			);
			buildRules = (
			);
			dependencies = (
				1B0806E429FA68CF00A0A6F2 /* PBXTargetDependency */,
			);
			name = "Rick&MortyTests";
			productName = "Rick&MortyTests";
			productReference = 1B0806E229FA68CF00A0A6F2 /* Rick&MortyTests.xctest */;
			productType = "com.apple.product-type.bundle.unit-test";
		};
/* End PBXNativeTarget section */

/* Begin PBXProject section */
		1B0806CA29FA68CE00A0A6F2 /* Project object */ = {
			isa = PBXProject;
			attributes = {
				BuildIndependentTargetsInParallel = 1;
				LastSwiftUpdateCheck = 1430;
				LastUpgradeCheck = 1430;
				TargetAttributes = {
					1B0806D129FA68CE00A0A6F2 = {
						CreatedOnToolsVersion = 14.3;
					};
					1B0806E129FA68CF00A0A6F2 = {
						CreatedOnToolsVersion = 14.3;
						TestTargetID = 1B0806D129FA68CE00A0A6F2;
					};
				};
			};
			buildConfigurationList = 1B0806CD29FA68CE00A0A6F2 /* Build configuration list for PBXProject "Rick&Morty" */;
			compatibilityVersion = "Xcode 14.0";
			developmentRegion = en;
			hasScannedForEncodings = 0;
			knownRegions = (
				en,
				Base,
			);
			mainGroup = 1B0806C929FA68CE00A0A6F2;
			packageReferences = (
				1BAC142129FA971A00E7D377 /* XCRemoteSwiftPackageReference "Rick-and-Morty-Swift-API" */,
			);
			productRefGroup = 1B0806D329FA68CE00A0A6F2 /* Products */;
			projectDirPath = "";
			projectRoot = "";
			targets = (
				1B0806D129FA68CE00A0A6F2 /* Rick&Morty */,
				1B0806E129FA68CF00A0A6F2 /* Rick&MortyTests */,
			);
		};
/* End PBXProject section */

/* Begin PBXResourcesBuildPhase section */
		1B0806D029FA68CE00A0A6F2 /* Resources */ = {
			isa = PBXResourcesBuildPhase;
			buildActionMask = 2147483647;
			files = (
				1B0806DD29FA68CF00A0A6F2 /* Preview Assets.xcassets in Resources */,
				1B0806DA29FA68CF00A0A6F2 /* Assets.xcassets in Resources */,
			);
			runOnlyForDeploymentPostprocessing = 0;
		};
		1B0806E029FA68CF00A0A6F2 /* Resources */ = {
			isa = PBXResourcesBuildPhase;
			buildActionMask = 2147483647;
			files = (
			);
			runOnlyForDeploymentPostprocessing = 0;
		};
/* End PBXResourcesBuildPhase section */

/* Begin PBXSourcesBuildPhase section */
		1B0806CE29FA68CE00A0A6F2 /* Sources */ = {
			isa = PBXSourcesBuildPhase;
			buildActionMask = 2147483647;
			files = (
				1BAC142D29FAA2D100E7D377 /* CharacterFilterViewModel.swift in Sources */,
				1BAC140B29FA72DB00E7D377 /* CharactersViewModel.swift in Sources */,
				1BAC143229FABDF800E7D377 /* RMCharacterModel+Extensions.swift in Sources */,
				1B480F9529FA6E8A009976F9 /* AppDelegate.swift in Sources */,
				1BAC140829FA725C00E7D377 /* CharactersView.swift in Sources */,
				1B480F9429FA6E8A009976F9 /* SceneDelegate.swift in Sources */,
				1B480F9129FA6DE3009976F9 /* CharactersCoordinator.swift in Sources */,
				1BAC142029FA8A1C00E7D377 /* CharacterCardView.swift in Sources */,
				1B480F8F29FA6DD2009976F9 /* Coordinator.swift in Sources */,
				1BAC141429FA73FE00E7D377 /* API.swift in Sources */,
				1BAC142729FA9DB400E7D377 /* RMCharacterFilter+Extensions.swift in Sources */,
				1BAC143029FAB29100E7D377 /* CharacterDetailsView.swift in Sources */,
				1BAC142B29FA9EFF00E7D377 /* CharacterFilterView.swift in Sources */,
				1BAC141629FA741400E7D377 /* MainAPI.swift in Sources */,
			);
			runOnlyForDeploymentPostprocessing = 0;
		};
		1B0806DE29FA68CF00A0A6F2 /* Sources */ = {
			isa = PBXSourcesBuildPhase;
			buildActionMask = 2147483647;
			files = (
				1B0806E729FA68CF00A0A6F2 /* Rick_MortyTests.swift in Sources */,
			);
			runOnlyForDeploymentPostprocessing = 0;
		};
/* End PBXSourcesBuildPhase section */

/* Begin PBXTargetDependency section */
		1B0806E429FA68CF00A0A6F2 /* PBXTargetDependency */ = {
			isa = PBXTargetDependency;
			target = 1B0806D129FA68CE00A0A6F2 /* Rick&Morty */;
			targetProxy = 1B0806E329FA68CF00A0A6F2 /* PBXContainerItemProxy */;
		};
/* End PBXTargetDependency section */

/* Begin XCBuildConfiguration section */
		1B0806F429FA68CF00A0A6F2 /* Debug */ = {
			isa = XCBuildConfiguration;
			buildSettings = {
				ALWAYS_SEARCH_USER_PATHS = NO;
				CLANG_ANALYZER_NONNULL = YES;
				CLANG_ANALYZER_NUMBER_OBJECT_CONVERSION = YES_AGGRESSIVE;
				CLANG_CXX_LANGUAGE_STANDARD = "gnu++20";
				CLANG_ENABLE_MODULES = YES;
				CLANG_ENABLE_OBJC_ARC = YES;
				CLANG_ENABLE_OBJC_WEAK = YES;
				CLANG_WARN_BLOCK_CAPTURE_AUTORELEASING = YES;
				CLANG_WARN_BOOL_CONVERSION = YES;
				CLANG_WARN_COMMA = YES;
				CLANG_WARN_CONSTANT_CONVERSION = YES;
				CLANG_WARN_DEPRECATED_OBJC_IMPLEMENTATIONS = YES;
				CLANG_WARN_DIRECT_OBJC_ISA_USAGE = YES_ERROR;
				CLANG_WARN_DOCUMENTATION_COMMENTS = YES;
				CLANG_WARN_EMPTY_BODY = YES;
				CLANG_WARN_ENUM_CONVERSION = YES;
				CLANG_WARN_INFINITE_RECURSION = YES;
				CLANG_WARN_INT_CONVERSION = YES;
				CLANG_WARN_NON_LITERAL_NULL_CONVERSION = YES;
				CLANG_WARN_OBJC_IMPLICIT_RETAIN_SELF = YES;
				CLANG_WARN_OBJC_LITERAL_CONVERSION = YES;
				CLANG_WARN_OBJC_ROOT_CLASS = YES_ERROR;
				CLANG_WARN_QUOTED_INCLUDE_IN_FRAMEWORK_HEADER = YES;
				CLANG_WARN_RANGE_LOOP_ANALYSIS = YES;
				CLANG_WARN_STRICT_PROTOTYPES = YES;
				CLANG_WARN_SUSPICIOUS_MOVE = YES;
				CLANG_WARN_UNGUARDED_AVAILABILITY = YES_AGGRESSIVE;
				CLANG_WARN_UNREACHABLE_CODE = YES;
				CLANG_WARN__DUPLICATE_METHOD_MATCH = YES;
				COPY_PHASE_STRIP = NO;
				DEBUG_INFORMATION_FORMAT = dwarf;
				ENABLE_STRICT_OBJC_MSGSEND = YES;
				ENABLE_TESTABILITY = YES;
				GCC_C_LANGUAGE_STANDARD = gnu11;
				GCC_DYNAMIC_NO_PIC = NO;
				GCC_NO_COMMON_BLOCKS = YES;
				GCC_OPTIMIZATION_LEVEL = 0;
				GCC_PREPROCESSOR_DEFINITIONS = (
					"DEBUG=1",
					"$(inherited)",
				);
				GCC_WARN_64_TO_32_BIT_CONVERSION = YES;
				GCC_WARN_ABOUT_RETURN_TYPE = YES_ERROR;
				GCC_WARN_UNDECLARED_SELECTOR = YES;
				GCC_WARN_UNINITIALIZED_AUTOS = YES_AGGRESSIVE;
				GCC_WARN_UNUSED_FUNCTION = YES;
				GCC_WARN_UNUSED_VARIABLE = YES;
				IPHONEOS_DEPLOYMENT_TARGET = 16.4;
				MTL_ENABLE_DEBUG_INFO = INCLUDE_SOURCE;
				MTL_FAST_MATH = YES;
				ONLY_ACTIVE_ARCH = YES;
				SDKROOT = iphoneos;
				SWIFT_ACTIVE_COMPILATION_CONDITIONS = DEBUG;
				SWIFT_OPTIMIZATION_LEVEL = "-Onone";
			};
			name = Debug;
		};
		1B0806F529FA68CF00A0A6F2 /* Release */ = {
			isa = XCBuildConfiguration;
			buildSettings = {
				ALWAYS_SEARCH_USER_PATHS = NO;
				CLANG_ANALYZER_NONNULL = YES;
				CLANG_ANALYZER_NUMBER_OBJECT_CONVERSION = YES_AGGRESSIVE;
				CLANG_CXX_LANGUAGE_STANDARD = "gnu++20";
				CLANG_ENABLE_MODULES = YES;
				CLANG_ENABLE_OBJC_ARC = YES;
				CLANG_ENABLE_OBJC_WEAK = YES;
				CLANG_WARN_BLOCK_CAPTURE_AUTORELEASING = YES;
				CLANG_WARN_BOOL_CONVERSION = YES;
				CLANG_WARN_COMMA = YES;
				CLANG_WARN_CONSTANT_CONVERSION = YES;
				CLANG_WARN_DEPRECATED_OBJC_IMPLEMENTATIONS = YES;
				CLANG_WARN_DIRECT_OBJC_ISA_USAGE = YES_ERROR;
				CLANG_WARN_DOCUMENTATION_COMMENTS = YES;
				CLANG_WARN_EMPTY_BODY = YES;
				CLANG_WARN_ENUM_CONVERSION = YES;
				CLANG_WARN_INFINITE_RECURSION = YES;
				CLANG_WARN_INT_CONVERSION = YES;
				CLANG_WARN_NON_LITERAL_NULL_CONVERSION = YES;
				CLANG_WARN_OBJC_IMPLICIT_RETAIN_SELF = YES;
				CLANG_WARN_OBJC_LITERAL_CONVERSION = YES;
				CLANG_WARN_OBJC_ROOT_CLASS = YES_ERROR;
				CLANG_WARN_QUOTED_INCLUDE_IN_FRAMEWORK_HEADER = YES;
				CLANG_WARN_RANGE_LOOP_ANALYSIS = YES;
				CLANG_WARN_STRICT_PROTOTYPES = YES;
				CLANG_WARN_SUSPICIOUS_MOVE = YES;
				CLANG_WARN_UNGUARDED_AVAILABILITY = YES_AGGRESSIVE;
				CLANG_WARN_UNREACHABLE_CODE = YES;
				CLANG_WARN__DUPLICATE_METHOD_MATCH = YES;
				COPY_PHASE_STRIP = NO;
				DEBUG_INFORMATION_FORMAT = "dwarf-with-dsym";
				ENABLE_NS_ASSERTIONS = NO;
				ENABLE_STRICT_OBJC_MSGSEND = YES;
				GCC_C_LANGUAGE_STANDARD = gnu11;
				GCC_NO_COMMON_BLOCKS = YES;
				GCC_WARN_64_TO_32_BIT_CONVERSION = YES;
				GCC_WARN_ABOUT_RETURN_TYPE = YES_ERROR;
				GCC_WARN_UNDECLARED_SELECTOR = YES;
				GCC_WARN_UNINITIALIZED_AUTOS = YES_AGGRESSIVE;
				GCC_WARN_UNUSED_FUNCTION = YES;
				GCC_WARN_UNUSED_VARIABLE = YES;
				IPHONEOS_DEPLOYMENT_TARGET = 16.4;
				MTL_ENABLE_DEBUG_INFO = NO;
				MTL_FAST_MATH = YES;
				SDKROOT = iphoneos;
				SWIFT_COMPILATION_MODE = wholemodule;
				SWIFT_OPTIMIZATION_LEVEL = "-O";
				VALIDATE_PRODUCT = YES;
			};
			name = Release;
		};
		1B0806F729FA68CF00A0A6F2 /* Debug */ = {
			isa = XCBuildConfiguration;
			buildSettings = {
				ASSETCATALOG_COMPILER_APPICON_NAME = AppIcon;
				ASSETCATALOG_COMPILER_GLOBAL_ACCENT_COLOR_NAME = AccentColor;
				CODE_SIGN_STYLE = Automatic;
				CURRENT_PROJECT_VERSION = 1;
				DEVELOPMENT_ASSET_PATHS = "Rick&Morty/App/Preview\\ Content";
				DEVELOPMENT_TEAM = K348EYK5MR;
				ENABLE_PREVIEWS = YES;
				GENERATE_INFOPLIST_FILE = YES;
				INFOPLIST_FILE = "$SRCROOT/Rick&Morty/App/Rick-Morty-Info.plist";
				INFOPLIST_KEY_CFBundleDisplayName = "Rick&Morty";
				INFOPLIST_KEY_LSApplicationCategoryType = "public.app-category.entertainment";
				INFOPLIST_KEY_UIApplicationSupportsIndirectInputEvents = YES;
				INFOPLIST_KEY_UILaunchScreen_Generation = YES;
				INFOPLIST_KEY_UIRequiresFullScreen = YES;
				INFOPLIST_KEY_UISupportedInterfaceOrientations = UIInterfaceOrientationPortrait;
				IPHONEOS_DEPLOYMENT_TARGET = 16.0;
				LD_RUNPATH_SEARCH_PATHS = (
					"$(inherited)",
					"@executable_path/Frameworks",
				);
				MARKETING_VERSION = 1.0;
				PRODUCT_BUNDLE_IDENTIFIER = "ionutac.Rick-Morty";
				PRODUCT_NAME = "$(TARGET_NAME)";
				SWIFT_EMIT_LOC_STRINGS = YES;
				SWIFT_VERSION = 5.0;
				TARGETED_DEVICE_FAMILY = 1;
			};
			name = Debug;
		};
		1B0806F829FA68CF00A0A6F2 /* Release */ = {
			isa = XCBuildConfiguration;
			buildSettings = {
				ASSETCATALOG_COMPILER_APPICON_NAME = AppIcon;
				ASSETCATALOG_COMPILER_GLOBAL_ACCENT_COLOR_NAME = AccentColor;
				CODE_SIGN_STYLE = Automatic;
				CURRENT_PROJECT_VERSION = 1;
				DEVELOPMENT_ASSET_PATHS = "Rick&Morty/App/Preview\\ Content";
				DEVELOPMENT_TEAM = K348EYK5MR;
				ENABLE_PREVIEWS = YES;
				GENERATE_INFOPLIST_FILE = YES;
				INFOPLIST_FILE = "$SRCROOT/Rick&Morty/App/Rick-Morty-Info.plist";
				INFOPLIST_KEY_CFBundleDisplayName = "Rick&Morty";
				INFOPLIST_KEY_LSApplicationCategoryType = "public.app-category.entertainment";
				INFOPLIST_KEY_UIApplicationSupportsIndirectInputEvents = YES;
				INFOPLIST_KEY_UILaunchScreen_Generation = YES;
				INFOPLIST_KEY_UIRequiresFullScreen = YES;
				INFOPLIST_KEY_UISupportedInterfaceOrientations = UIInterfaceOrientationPortrait;
				IPHONEOS_DEPLOYMENT_TARGET = 16.0;
				LD_RUNPATH_SEARCH_PATHS = (
					"$(inherited)",
					"@executable_path/Frameworks",
				);
				MARKETING_VERSION = 1.0;
				PRODUCT_BUNDLE_IDENTIFIER = "ionutac.Rick-Morty";
				PRODUCT_NAME = "$(TARGET_NAME)";
				SWIFT_EMIT_LOC_STRINGS = YES;
				SWIFT_VERSION = 5.0;
				TARGETED_DEVICE_FAMILY = 1;
			};
			name = Release;
		};
		1B0806FA29FA68CF00A0A6F2 /* Debug */ = {
			isa = XCBuildConfiguration;
			buildSettings = {
				ALWAYS_EMBED_SWIFT_STANDARD_LIBRARIES = YES;
				BUNDLE_LOADER = "$(TEST_HOST)";
				CODE_SIGN_STYLE = Automatic;
				CURRENT_PROJECT_VERSION = 1;
				DEVELOPMENT_TEAM = K348EYK5MR;
				GENERATE_INFOPLIST_FILE = YES;
				IPHONEOS_DEPLOYMENT_TARGET = 16.4;
				MARKETING_VERSION = 1.0;
				PRODUCT_BUNDLE_IDENTIFIER = "ionutac.Rick-MortyTests";
				PRODUCT_NAME = "$(TARGET_NAME)";
				SWIFT_EMIT_LOC_STRINGS = NO;
				SWIFT_VERSION = 5.0;
				TARGETED_DEVICE_FAMILY = "1,2";
				TEST_HOST = "$(BUILT_PRODUCTS_DIR)/Rick&Morty.app/$(BUNDLE_EXECUTABLE_FOLDER_PATH)/Rick&Morty";
			};
			name = Debug;
		};
		1B0806FB29FA68CF00A0A6F2 /* Release */ = {
			isa = XCBuildConfiguration;
			buildSettings = {
				ALWAYS_EMBED_SWIFT_STANDARD_LIBRARIES = YES;
				BUNDLE_LOADER = "$(TEST_HOST)";
				CODE_SIGN_STYLE = Automatic;
				CURRENT_PROJECT_VERSION = 1;
				DEVELOPMENT_TEAM = K348EYK5MR;
				GENERATE_INFOPLIST_FILE = YES;
				IPHONEOS_DEPLOYMENT_TARGET = 16.4;
				MARKETING_VERSION = 1.0;
				PRODUCT_BUNDLE_IDENTIFIER = "ionutac.Rick-MortyTests";
				PRODUCT_NAME = "$(TARGET_NAME)";
				SWIFT_EMIT_LOC_STRINGS = NO;
				SWIFT_VERSION = 5.0;
				TARGETED_DEVICE_FAMILY = "1,2";
				TEST_HOST = "$(BUILT_PRODUCTS_DIR)/Rick&Morty.app/$(BUNDLE_EXECUTABLE_FOLDER_PATH)/Rick&Morty";
			};
			name = Release;
		};
/* End XCBuildConfiguration section */

/* Begin XCConfigurationList section */
		1B0806CD29FA68CE00A0A6F2 /* Build configuration list for PBXProject "Rick&Morty" */ = {
			isa = XCConfigurationList;
			buildConfigurations = (
				1B0806F429FA68CF00A0A6F2 /* Debug */,
				1B0806F529FA68CF00A0A6F2 /* Release */,
			);
			defaultConfigurationIsVisible = 0;
			defaultConfigurationName = Release;
		};
		1B0806F629FA68CF00A0A6F2 /* Build configuration list for PBXNativeTarget "Rick&Morty" */ = {
			isa = XCConfigurationList;
			buildConfigurations = (
				1B0806F729FA68CF00A0A6F2 /* Debug */,
				1B0806F829FA68CF00A0A6F2 /* Release */,
			);
			defaultConfigurationIsVisible = 0;
			defaultConfigurationName = Release;
		};
		1B0806F929FA68CF00A0A6F2 /* Build configuration list for PBXNativeTarget "Rick&MortyTests" */ = {
			isa = XCConfigurationList;
			buildConfigurations = (
				1B0806FA29FA68CF00A0A6F2 /* Debug */,
				1B0806FB29FA68CF00A0A6F2 /* Release */,
			);
			defaultConfigurationIsVisible = 0;
			defaultConfigurationName = Release;
		};
/* End XCConfigurationList section */

/* Begin XCRemoteSwiftPackageReference section */
		1BAC142129FA971A00E7D377 /* XCRemoteSwiftPackageReference "Rick-and-Morty-Swift-API" */ = {
			isa = XCRemoteSwiftPackageReference;
			repositoryURL = "https://github.com/ionut-costin/Rick-and-Morty-Swift-API";
			requirement = {
				branch = main;
				kind = branch;
			};
		};
/* End XCRemoteSwiftPackageReference section */

/* Begin XCSwiftPackageProductDependency section */
		1BAC142229FA971A00E7D377 /* RickMortySwiftApi */ = {
			isa = XCSwiftPackageProductDependency;
			package = 1BAC142129FA971A00E7D377 /* XCRemoteSwiftPackageReference "Rick-and-Morty-Swift-API" */;
			productName = RickMortySwiftApi;
		};
/* End XCSwiftPackageProductDependency section */
	};
	rootObject = 1B0806CA29FA68CE00A0A6F2 /* Project object */;
}
